
Microsoft Visual Studio Solution File, Format Version 12.00
# Visual Studio Version 17
VisualStudioVersion = 17.7.34221.43
MinimumVisualStudioVersion = 10.0.40219.1
Project("{9A19103F-16F7-4668-BE54-9A1E7A4F7556}") = "RateLimitedNotificationService", "RateLimitedNotificationService\RateLimitedNotificationService.csproj", "{EE394D13-D9FA-40F8-85D1-ABDB55C98751}"
EndProject
Project("{9A19103F-16F7-4668-BE54-9A1E7A4F7556}") = "RateLimitedNotificationService.UnitTests", "RateLimitedNotificationService.UnitTests\RateLimitedNotificationService.UnitTests.csproj", "{F5011E5A-EEA0-45D1-B818-0A1F3B432BB2}"
EndProject
Project("{2150E333-8FDC-42A3-9474-1A3956D46DE8}") = "Itens de Solução", "Itens de Solução", "{BB5C587C-7708-44DD-A006-98A9BAA1CA4D}"
	ProjectSection(SolutionItems) = preProject
		README.md = README.md
	EndProjectSection
EndProject
Project("{FAE04EC0-301F-11D3-BF4B-00C04F79EFBC}") = "RateLimitedNotificationService.Demo", "RateLimitedNotificationService.Demo\RateLimitedNotificationService.Demo.csproj", "{8812E6D8-79D3-4352-9627-097A137C5452}"
EndProject
Global
	GlobalSection(SolutionConfigurationPlatforms) = preSolution
		Debug|Any CPU = Debug|Any CPU
		Release|Any CPU = Release|Any CPU
	EndGlobalSection
	GlobalSection(ProjectConfigurationPlatforms) = postSolution
		{EE394D13-D9FA-40F8-85D1-ABDB55C98751}.Debug|Any CPU.ActiveCfg = Debug|Any CPU
		{EE394D13-D9FA-40F8-85D1-ABDB55C98751}.Debug|Any CPU.Build.0 = Debug|Any CPU
		{EE394D13-D9FA-40F8-85D1-ABDB55C98751}.Release|Any CPU.ActiveCfg = Release|Any CPU
		{EE394D13-D9FA-40F8-85D1-ABDB55C98751}.Release|Any CPU.Build.0 = Release|Any CPU
		{F5011E5A-EEA0-45D1-B818-0A1F3B432BB2}.Debug|Any CPU.ActiveCfg = Debug|Any CPU
		{F5011E5A-EEA0-45D1-B818-0A1F3B432BB2}.Debug|Any CPU.Build.0 = Debug|Any CPU
		{F5011E5A-EEA0-45D1-B818-0A1F3B432BB2}.Release|Any CPU.ActiveCfg = Release|Any CPU
		{F5011E5A-EEA0-45D1-B818-0A1F3B432BB2}.Release|Any CPU.Build.0 = Release|Any CPU
		{8812E6D8-79D3-4352-9627-097A137C5452}.Debug|Any CPU.ActiveCfg = Debug|Any CPU
		{8812E6D8-79D3-4352-9627-097A137C5452}.Debug|Any CPU.Build.0 = Debug|Any CPU
		{8812E6D8-79D3-4352-9627-097A137C5452}.Release|Any CPU.ActiveCfg = Release|Any CPU
		{8812E6D8-79D3-4352-9627-097A137C5452}.Release|Any CPU.Build.0 = Release|Any CPU
	EndGlobalSection
	GlobalSection(SolutionProperties) = preSolution
		HideSolutionNode = FALSE
	EndGlobalSection
	GlobalSection(ExtensibilityGlobals) = postSolution
		SolutionGuid = {A09570E0-7201-47EC-A719-2492B0E40BFD}
	EndGlobalSection
EndGlobal
